PODS:
  - Cartography (0.5.0)

DEPENDENCIES:
  - Cartography (from `https://github.com/robb/Cartography.git`, tag `0.6.0-beta1`)

EXTERNAL SOURCES:
  Cartography:
    :git: https://github.com/robb/Cartography.git
    :tag: 0.6.0-beta1

CHECKOUT OPTIONS:
  Cartography:
    :git: https://github.com/robb/Cartography.git
    :tag: 0.6.0-beta1

SPEC CHECKSUMS:
  Cartography: 314f5ed1495995760487161eeb7a8a0940d88ad3

COCOAPODS: 0.38.2
